
Microsoft Visual Studio Solution File, Format Version 12.00
# Visual Studio Version 16
VisualStudioVersion = 16.0.31729.503
MinimumVisualStudioVersion = 10.0.40219.1
Project("{FAE04EC0-301F-11D3-BF4B-00C04F79EFBC}") = "AppForBank", "AppForBank\AppForBank.csproj", "{88C5A4FE-222A-478E-97B7-A61DB6C79400}"
EndProject
Global
	GlobalSection(SolutionConfigurationPlatforms) = preSolution
		Debug|Any CPU = Debug|Any CPU
		Release|Any CPU = Release|Any CPU
	EndGlobalSection
	GlobalSection(ProjectConfigurationPlatforms) = postSolution
		{88C5A4FE-222A-478E-97B7-A61DB6C79400}.Debug|Any CPU.ActiveCfg = Debug|Any CPU
		{88C5A4FE-222A-478E-97B7-A61DB6C79400}.Debug|Any CPU.Build.0 = Debug|Any CPU
		{88C5A4FE-222A-478E-97B7-A61DB6C79400}.Release|Any CPU.ActiveCfg = Release|Any CPU
		{88C5A4FE-222A-478E-97B7-A61DB6C79400}.Release|Any CPU.Build.0 = Release|Any CPU
	EndGlobalSection
	GlobalSection(SolutionProperties) = preSolution
		HideSolutionNode = FALSE
	EndGlobalSection
	GlobalSection(ExtensibilityGlobals) = postSolution
		SolutionGuid = {B1F9FDF2-BF44-4103-9301-C3FC3F0D5898}
	EndGlobalSection
EndGlobal
